
Microsoft Visual Studio Solution File, Format Version 12.00
# Visual Studio 15
VisualStudioVersion = 15.0.26124.0
MinimumVisualStudioVersion = 15.0.26124.0
Project("{2150E333-8FDC-42A3-9474-1A3956D46DE8}") = "Src", "Src", "{67240ACF-AB8E-4178-837A-FC5F151602AE}"
EndProject
Project("{9A19103F-16F7-4668-BE54-9A1E7A4F7556}") = "SoftHSMv2ForTesting", "Src\SoftHSMv2ForTesting\SoftHSMv2ForTesting.csproj", "{F794049E-6FDA-48A3-80D8-47F13C038EDD}"
EndProject
Project("{2150E333-8FDC-42A3-9474-1A3956D46DE8}") = "Test", "Test", "{0EAB27F7-5456-447F-B27C-2A7869C15D7E}"
EndProject
Project("{9A19103F-16F7-4668-BE54-9A1E7A4F7556}") = "SoftHSMv2ForTesting.MsTest", "Test\SoftHSMv2ForTesting.MsTest\SoftHSMv2ForTesting.MsTest.csproj", "{502516D8-1C50-44EF-A0CF-05743FA49A34}"
EndProject
Global
	GlobalSection(SolutionConfigurationPlatforms) = preSolution
		Debug|Any CPU = Debug|Any CPU
		Debug|x64 = Debug|x64
		Debug|x86 = Debug|x86
		Release|Any CPU = Release|Any CPU
		Release|x64 = Release|x64
		Release|x86 = Release|x86
	EndGlobalSection
	GlobalSection(ProjectConfigurationPlatforms) = postSolution
		{F794049E-6FDA-48A3-80D8-47F13C038EDD}.Debug|Any CPU.ActiveCfg = Debug|Any CPU
		{F794049E-6FDA-48A3-80D8-47F13C038EDD}.Debug|Any CPU.Build.0 = Debug|Any CPU
		{F794049E-6FDA-48A3-80D8-47F13C038EDD}.Debug|x64.ActiveCfg = Debug|Any CPU
		{F794049E-6FDA-48A3-80D8-47F13C038EDD}.Debug|x64.Build.0 = Debug|Any CPU
		{F794049E-6FDA-48A3-80D8-47F13C038EDD}.Debug|x86.ActiveCfg = Debug|Any CPU
		{F794049E-6FDA-48A3-80D8-47F13C038EDD}.Debug|x86.Build.0 = Debug|Any CPU
		{F794049E-6FDA-48A3-80D8-47F13C038EDD}.Release|Any CPU.ActiveCfg = Release|Any CPU
		{F794049E-6FDA-48A3-80D8-47F13C038EDD}.Release|Any CPU.Build.0 = Release|Any CPU
		{F794049E-6FDA-48A3-80D8-47F13C038EDD}.Release|x64.ActiveCfg = Release|Any CPU
		{F794049E-6FDA-48A3-80D8-47F13C038EDD}.Release|x64.Build.0 = Release|Any CPU
		{F794049E-6FDA-48A3-80D8-47F13C038EDD}.Release|x86.ActiveCfg = Release|Any CPU
		{F794049E-6FDA-48A3-80D8-47F13C038EDD}.Release|x86.Build.0 = Release|Any CPU
		{502516D8-1C50-44EF-A0CF-05743FA49A34}.Debug|Any CPU.ActiveCfg = Debug|Any CPU
		{502516D8-1C50-44EF-A0CF-05743FA49A34}.Debug|Any CPU.Build.0 = Debug|Any CPU
		{502516D8-1C50-44EF-A0CF-05743FA49A34}.Debug|x64.ActiveCfg = Debug|Any CPU
		{502516D8-1C50-44EF-A0CF-05743FA49A34}.Debug|x64.Build.0 = Debug|Any CPU
		{502516D8-1C50-44EF-A0CF-05743FA49A34}.Debug|x86.ActiveCfg = Debug|Any CPU
		{502516D8-1C50-44EF-A0CF-05743FA49A34}.Debug|x86.Build.0 = Debug|Any CPU
		{502516D8-1C50-44EF-A0CF-05743FA49A34}.Release|Any CPU.ActiveCfg = Release|Any CPU
		{502516D8-1C50-44EF-A0CF-05743FA49A34}.Release|Any CPU.Build.0 = Release|Any CPU
		{502516D8-1C50-44EF-A0CF-05743FA49A34}.Release|x64.ActiveCfg = Release|Any CPU
		{502516D8-1C50-44EF-A0CF-05743FA49A34}.Release|x64.Build.0 = Release|Any CPU
		{502516D8-1C50-44EF-A0CF-05743FA49A34}.Release|x86.ActiveCfg = Release|Any CPU
		{502516D8-1C50-44EF-A0CF-05743FA49A34}.Release|x86.Build.0 = Release|Any CPU
	EndGlobalSection
	GlobalSection(SolutionProperties) = preSolution
		HideSolutionNode = FALSE
	EndGlobalSection
	GlobalSection(NestedProjects) = preSolution
		{F794049E-6FDA-48A3-80D8-47F13C038EDD} = {67240ACF-AB8E-4178-837A-FC5F151602AE}
		{502516D8-1C50-44EF-A0CF-05743FA49A34} = {0EAB27F7-5456-447F-B27C-2A7869C15D7E}
	EndGlobalSection
	GlobalSection(ExtensibilityGlobals) = postSolution
		SolutionGuid = {052D5905-08A1-4D38-804A-F728F7BC6C7D}
	EndGlobalSection
EndGlobal
